
Microsoft Visual Studio Solution File, Format Version 12.00
# Visual Studio Version 17
VisualStudioVersion = 17.8.34511.84
MinimumVisualStudioVersion = 10.0.40219.1
Project("{FAE04EC0-301F-11D3-BF4B-00C04F79EFBC}") = "Polimorfismo-Herencia", "Polimorfismo-Herencia\Polimorfismo-Herencia.csproj", "{4579491A-9673-41DE-8CF4-3D7FBE72D108}"
EndProject
Global
	GlobalSection(SolutionConfigurationPlatforms) = preSolution
		Debug|Any CPU = Debug|Any CPU
		Release|Any CPU = Release|Any CPU
	EndGlobalSection
	GlobalSection(ProjectConfigurationPlatforms) = postSolution
		{4579491A-9673-41DE-8CF4-3D7FBE72D108}.Debug|Any CPU.ActiveCfg = Debug|Any CPU
		{4579491A-9673-41DE-8CF4-3D7FBE72D108}.Debug|Any CPU.Build.0 = Debug|Any CPU
		{4579491A-9673-41DE-8CF4-3D7FBE72D108}.Release|Any CPU.ActiveCfg = Release|Any CPU
		{4579491A-9673-41DE-8CF4-3D7FBE72D108}.Release|Any CPU.Build.0 = Release|Any CPU
	EndGlobalSection
	GlobalSection(SolutionProperties) = preSolution
		HideSolutionNode = FALSE
	EndGlobalSection
	GlobalSection(ExtensibilityGlobals) = postSolution
		SolutionGuid = {96EA6F9A-A7D3-43A1-8D15-FBC71AFE66D7}
	EndGlobalSection
EndGlobal
