
Microsoft Visual Studio Solution File, Format Version 12.00
# Visual Studio Version 17
VisualStudioVersion = 17.8.34330.188
MinimumVisualStudioVersion = 10.0.40219.1
Project("{9A19103F-16F7-4668-BE54-9A1E7A4F7556}") = "ThePretendCompanyApplication", "ThePretendCompanyApplication\ThePretendCompanyApplication.csproj", "{66844A61-6056-4E5B-BFD9-AE4081D8242D}"
EndProject
Project("{FAE04EC0-301F-11D3-BF4B-00C04F79EFBC}") = "TCPData", "TCPData\TCPData.csproj", "{BD47AC4E-7239-4A93-B3C7-C0C59DB541BF}"
EndProject
Project("{FAE04EC0-301F-11D3-BF4B-00C04F79EFBC}") = "TCPExtensions", "TCPExtensions\TCPExtensions.csproj", "{BB1EBDA8-CAD4-493B-84FD-EF8C0495E5E2}"
EndProject
Global
	GlobalSection(SolutionConfigurationPlatforms) = preSolution
		Debug|Any CPU = Debug|Any CPU
		Release|Any CPU = Release|Any CPU
	EndGlobalSection
	GlobalSection(ProjectConfigurationPlatforms) = postSolution
		{66844A61-6056-4E5B-BFD9-AE4081D8242D}.Debug|Any CPU.ActiveCfg = Debug|Any CPU
		{66844A61-6056-4E5B-BFD9-AE4081D8242D}.Debug|Any CPU.Build.0 = Debug|Any CPU
		{66844A61-6056-4E5B-BFD9-AE4081D8242D}.Release|Any CPU.ActiveCfg = Release|Any CPU
		{66844A61-6056-4E5B-BFD9-AE4081D8242D}.Release|Any CPU.Build.0 = Release|Any CPU
		{BD47AC4E-7239-4A93-B3C7-C0C59DB541BF}.Debug|Any CPU.ActiveCfg = Debug|Any CPU
		{BD47AC4E-7239-4A93-B3C7-C0C59DB541BF}.Debug|Any CPU.Build.0 = Debug|Any CPU
		{BD47AC4E-7239-4A93-B3C7-C0C59DB541BF}.Release|Any CPU.ActiveCfg = Release|Any CPU
		{BD47AC4E-7239-4A93-B3C7-C0C59DB541BF}.Release|Any CPU.Build.0 = Release|Any CPU
		{BB1EBDA8-CAD4-493B-84FD-EF8C0495E5E2}.Debug|Any CPU.ActiveCfg = Debug|Any CPU
		{BB1EBDA8-CAD4-493B-84FD-EF8C0495E5E2}.Debug|Any CPU.Build.0 = Debug|Any CPU
		{BB1EBDA8-CAD4-493B-84FD-EF8C0495E5E2}.Release|Any CPU.ActiveCfg = Release|Any CPU
		{BB1EBDA8-CAD4-493B-84FD-EF8C0495E5E2}.Release|Any CPU.Build.0 = Release|Any CPU
	EndGlobalSection
	GlobalSection(SolutionProperties) = preSolution
		HideSolutionNode = FALSE
	EndGlobalSection
	GlobalSection(ExtensibilityGlobals) = postSolution
		SolutionGuid = {B5C76105-4E69-4578-9264-C098B46D5123}
	EndGlobalSection
EndGlobal
